
Microsoft Visual Studio Solution File, Format Version 12.00
# Visual Studio 15
VisualStudioVersion = 15.0.28307.329
MinimumVisualStudioVersion = 10.0.40219.1
Project("{FAE04EC0-301F-11D3-BF4B-00C04F79EFBC}") = "Exercicio1", "Exercicio1\Exercicio1.csproj", "{0536E522-20CE-404A-88E8-5895F0B970C9}"
EndProject
Project("{FAE04EC0-301F-11D3-BF4B-00C04F79EFBC}") = "Exercicio3", "Exercicio3\Exercicio3.csproj", "{AB7FF8FC-55E3-4FC8-8A22-6FFDA10B5BA3}"
EndProject
Project("{FAE04EC0-301F-11D3-BF4B-00C04F79EFBC}") = "Exercicio4", "Exercicio4\Exercicio4.csproj", "{96537169-C563-49A3-BC40-5D69D9B455BA}"
EndProject
Project("{FAE04EC0-301F-11D3-BF4B-00C04F79EFBC}") = "Exercicio5", "Exercicio5\Exercicio5.csproj", "{0AE9101F-4ED2-474A-B4FB-D054958FD9E2}"
EndProject
Project("{FAE04EC0-301F-11D3-BF4B-00C04F79EFBC}") = "Exercicio2", "Exercicio2\Exercicio2.csproj", "{D0921B3C-821C-4A8C-B080-1D42BC5FA094}"
EndProject
Global
	GlobalSection(SolutionConfigurationPlatforms) = preSolution
		Debug|Any CPU = Debug|Any CPU
		Release|Any CPU = Release|Any CPU
	EndGlobalSection
	GlobalSection(ProjectConfigurationPlatforms) = postSolution
		{0536E522-20CE-404A-88E8-5895F0B970C9}.Debug|Any CPU.ActiveCfg = Debug|Any CPU
		{0536E522-20CE-404A-88E8-5895F0B970C9}.Debug|Any CPU.Build.0 = Debug|Any CPU
		{0536E522-20CE-404A-88E8-5895F0B970C9}.Release|Any CPU.ActiveCfg = Release|Any CPU
		{0536E522-20CE-404A-88E8-5895F0B970C9}.Release|Any CPU.Build.0 = Release|Any CPU
		{AB7FF8FC-55E3-4FC8-8A22-6FFDA10B5BA3}.Debug|Any CPU.ActiveCfg = Debug|Any CPU
		{AB7FF8FC-55E3-4FC8-8A22-6FFDA10B5BA3}.Debug|Any CPU.Build.0 = Debug|Any CPU
		{AB7FF8FC-55E3-4FC8-8A22-6FFDA10B5BA3}.Release|Any CPU.ActiveCfg = Release|Any CPU
		{AB7FF8FC-55E3-4FC8-8A22-6FFDA10B5BA3}.Release|Any CPU.Build.0 = Release|Any CPU
		{96537169-C563-49A3-BC40-5D69D9B455BA}.Debug|Any CPU.ActiveCfg = Debug|Any CPU
		{96537169-C563-49A3-BC40-5D69D9B455BA}.Debug|Any CPU.Build.0 = Debug|Any CPU
		{96537169-C563-49A3-BC40-5D69D9B455BA}.Release|Any CPU.ActiveCfg = Release|Any CPU
		{96537169-C563-49A3-BC40-5D69D9B455BA}.Release|Any CPU.Build.0 = Release|Any CPU
		{0AE9101F-4ED2-474A-B4FB-D054958FD9E2}.Debug|Any CPU.ActiveCfg = Debug|Any CPU
		{0AE9101F-4ED2-474A-B4FB-D054958FD9E2}.Debug|Any CPU.Build.0 = Debug|Any CPU
		{0AE9101F-4ED2-474A-B4FB-D054958FD9E2}.Release|Any CPU.ActiveCfg = Release|Any CPU
		{0AE9101F-4ED2-474A-B4FB-D054958FD9E2}.Release|Any CPU.Build.0 = Release|Any CPU
		{D0921B3C-821C-4A8C-B080-1D42BC5FA094}.Debug|Any CPU.ActiveCfg = Debug|Any CPU
		{D0921B3C-821C-4A8C-B080-1D42BC5FA094}.Debug|Any CPU.Build.0 = Debug|Any CPU
		{D0921B3C-821C-4A8C-B080-1D42BC5FA094}.Release|Any CPU.ActiveCfg = Release|Any CPU
		{D0921B3C-821C-4A8C-B080-1D42BC5FA094}.Release|Any CPU.Build.0 = Release|Any CPU
	EndGlobalSection
	GlobalSection(SolutionProperties) = preSolution
		HideSolutionNode = FALSE
	EndGlobalSection
	GlobalSection(ExtensibilityGlobals) = postSolution
		SolutionGuid = {B03EF268-B630-4A7B-AE79-E4A8289509E1}
	EndGlobalSection
EndGlobal
